
Microsoft Visual Studio Solution File, Format Version 12.00
# Visual Studio Version 17
VisualStudioVersion = 17.0.31825.309
MinimumVisualStudioVersion = 10.0.40219.1
Project("{2150E333-8FDC-42A3-9474-1A3956D46DE8}") = "ICOPlatform.USDT", "ICOPlatform.USDT", "{97E5025E-3657-4751-A41A-5F11C3992EF4}"
EndProject
Project("{2150E333-8FDC-42A3-9474-1A3956D46DE8}") = "ICOPlatform.USDT.TRC20", "ICOPlatform.USDT.TRC20", "{041172EB-DD1E-404E-9550-806E0602A4FD}"
EndProject
Project("{2150E333-8FDC-42A3-9474-1A3956D46DE8}") = "ICOPlatform.USDT.Erc20", "ICOPlatform.USDT.Erc20", "{0E7B7A89-16BF-497C-B8DA-1209F3BD5751}"
EndProject
Project("{9A19103F-16F7-4668-BE54-9A1E7A4F7556}") = "ICOPlatform.UI", "IOCPlatform.UI\ICOPlatform.UI.csproj", "{01BDB378-6B5E-4079-99C4-05E24A17D8E5}"
EndProject
Project("{9A19103F-16F7-4668-BE54-9A1E7A4F7556}") = "ICOPlatform.DataBase", "IOCPlatform.DataBase\ICOPlatform.DataBase.csproj", "{C87ECAE5-179E-48C9-A47E-233CC7345A58}"
EndProject
Project("{9A19103F-16F7-4668-BE54-9A1E7A4F7556}") = "ICOPlatform.Core", "IOCPlatform.Core\ICOPlatform.Core.csproj", "{37770DEA-B435-4B31-B249-E5A607FC9B61}"
EndProject
Project("{9A19103F-16F7-4668-BE54-9A1E7A4F7556}") = "ICOPlatform.USDT.TRC20.TronDotNet", "IOCPlatform.USDT\ICOPlatform.USDT.TRC20\TronDotNet\ICOPlatform.USDT.TRC20.TronDotNet.csproj", "{059B8BBA-3882-494D-9525-01E270524E5B}"
EndProject
Project("{9A19103F-16F7-4668-BE54-9A1E7A4F7556}") = "ICOPlatform.USDT.TRC20.TronDotNet.ABI", "IOCPlatform.USDT\ICOPlatform.USDT.TRC20\TronDotNet.ABI\ICOPlatform.USDT.TRC20.TronDotNet.ABI.csproj", "{4C39D13D-BF63-419B-AACF-C98A72A783CF}"
EndProject
Project("{9A19103F-16F7-4668-BE54-9A1E7A4F7556}") = "ICOPlatform.USDT.TRC20.TronDotNet.Crypto", "IOCPlatform.USDT\ICOPlatform.USDT.TRC20\TronDotNet.Crypto\ICOPlatform.USDT.TRC20.TronDotNet.Crypto.csproj", "{43F30169-7946-4BD9-A49F-BDC29F8F77F1}"
EndProject
Project("{9A19103F-16F7-4668-BE54-9A1E7A4F7556}") = "ICOPlatform.USDT.TRC20.TronDotNet.Protocol", "IOCPlatform.USDT\ICOPlatform.USDT.TRC20\TronDotNet.Protocol\ICOPlatform.USDT.TRC20.TronDotNet.Protocol.csproj", "{23F7B2ED-BABB-4CF8-88ED-00CBF43A48B8}"
EndProject
Global
	GlobalSection(SolutionConfigurationPlatforms) = preSolution
		Debug|Any CPU = Debug|Any CPU
		Release|Any CPU = Release|Any CPU
	EndGlobalSection
	GlobalSection(ProjectConfigurationPlatforms) = postSolution
		{01BDB378-6B5E-4079-99C4-05E24A17D8E5}.Debug|Any CPU.ActiveCfg = Debug|Any CPU
		{01BDB378-6B5E-4079-99C4-05E24A17D8E5}.Debug|Any CPU.Build.0 = Debug|Any CPU
		{01BDB378-6B5E-4079-99C4-05E24A17D8E5}.Release|Any CPU.ActiveCfg = Release|Any CPU
		{01BDB378-6B5E-4079-99C4-05E24A17D8E5}.Release|Any CPU.Build.0 = Release|Any CPU
		{C87ECAE5-179E-48C9-A47E-233CC7345A58}.Debug|Any CPU.ActiveCfg = Debug|Any CPU
		{C87ECAE5-179E-48C9-A47E-233CC7345A58}.Debug|Any CPU.Build.0 = Debug|Any CPU
		{C87ECAE5-179E-48C9-A47E-233CC7345A58}.Release|Any CPU.ActiveCfg = Release|Any CPU
		{C87ECAE5-179E-48C9-A47E-233CC7345A58}.Release|Any CPU.Build.0 = Release|Any CPU
		{37770DEA-B435-4B31-B249-E5A607FC9B61}.Debug|Any CPU.ActiveCfg = Debug|Any CPU
		{37770DEA-B435-4B31-B249-E5A607FC9B61}.Debug|Any CPU.Build.0 = Debug|Any CPU
		{37770DEA-B435-4B31-B249-E5A607FC9B61}.Release|Any CPU.ActiveCfg = Release|Any CPU
		{37770DEA-B435-4B31-B249-E5A607FC9B61}.Release|Any CPU.Build.0 = Release|Any CPU
		{059B8BBA-3882-494D-9525-01E270524E5B}.Debug|Any CPU.ActiveCfg = Debug|Any CPU
		{059B8BBA-3882-494D-9525-01E270524E5B}.Debug|Any CPU.Build.0 = Debug|Any CPU
		{059B8BBA-3882-494D-9525-01E270524E5B}.Release|Any CPU.ActiveCfg = Release|Any CPU
		{059B8BBA-3882-494D-9525-01E270524E5B}.Release|Any CPU.Build.0 = Release|Any CPU
		{4C39D13D-BF63-419B-AACF-C98A72A783CF}.Debug|Any CPU.ActiveCfg = Debug|Any CPU
		{4C39D13D-BF63-419B-AACF-C98A72A783CF}.Debug|Any CPU.Build.0 = Debug|Any CPU
		{4C39D13D-BF63-419B-AACF-C98A72A783CF}.Release|Any CPU.ActiveCfg = Release|Any CPU
		{4C39D13D-BF63-419B-AACF-C98A72A783CF}.Release|Any CPU.Build.0 = Release|Any CPU
		{43F30169-7946-4BD9-A49F-BDC29F8F77F1}.Debug|Any CPU.ActiveCfg = Debug|Any CPU
		{43F30169-7946-4BD9-A49F-BDC29F8F77F1}.Debug|Any CPU.Build.0 = Debug|Any CPU
		{43F30169-7946-4BD9-A49F-BDC29F8F77F1}.Release|Any CPU.ActiveCfg = Release|Any CPU
		{43F30169-7946-4BD9-A49F-BDC29F8F77F1}.Release|Any CPU.Build.0 = Release|Any CPU
		{23F7B2ED-BABB-4CF8-88ED-00CBF43A48B8}.Debug|Any CPU.ActiveCfg = Debug|Any CPU
		{23F7B2ED-BABB-4CF8-88ED-00CBF43A48B8}.Debug|Any CPU.Build.0 = Debug|Any CPU
		{23F7B2ED-BABB-4CF8-88ED-00CBF43A48B8}.Release|Any CPU.ActiveCfg = Release|Any CPU
		{23F7B2ED-BABB-4CF8-88ED-00CBF43A48B8}.Release|Any CPU.Build.0 = Release|Any CPU
	EndGlobalSection
	GlobalSection(SolutionProperties) = preSolution
		HideSolutionNode = FALSE
	EndGlobalSection
	GlobalSection(NestedProjects) = preSolution
		{041172EB-DD1E-404E-9550-806E0602A4FD} = {97E5025E-3657-4751-A41A-5F11C3992EF4}
		{0E7B7A89-16BF-497C-B8DA-1209F3BD5751} = {97E5025E-3657-4751-A41A-5F11C3992EF4}
		{059B8BBA-3882-494D-9525-01E270524E5B} = {041172EB-DD1E-404E-9550-806E0602A4FD}
		{4C39D13D-BF63-419B-AACF-C98A72A783CF} = {041172EB-DD1E-404E-9550-806E0602A4FD}
		{43F30169-7946-4BD9-A49F-BDC29F8F77F1} = {041172EB-DD1E-404E-9550-806E0602A4FD}
		{23F7B2ED-BABB-4CF8-88ED-00CBF43A48B8} = {041172EB-DD1E-404E-9550-806E0602A4FD}
	EndGlobalSection
	GlobalSection(ExtensibilityGlobals) = postSolution
		SolutionGuid = {D5FEF99D-1DE8-4F05-9DAF-3E41320EB3FF}
	EndGlobalSection
EndGlobal
