
Microsoft Visual Studio Solution File, Format Version 12.00
# Visual Studio Version 17
VisualStudioVersion = 17.0.31825.309
MinimumVisualStudioVersion = 10.0.40219.1
Project("{FAE04EC0-301F-11D3-BF4B-00C04F79EFBC}") = "ICOPC", "IPC\ICOPC.csproj", "{23EC68FA-753A-41EF-B620-65DED6CE081F}"
EndProject
Project("{FAE04EC0-301F-11D3-BF4B-00C04F79EFBC}") = "ICOPC.Core", "IPC.Core\ICOPC.Core.csproj", "{20C42EEE-947A-4567-809F-C960B42D342E}"
EndProject
Project("{FAE04EC0-301F-11D3-BF4B-00C04F79EFBC}") = "ICOPC.DataBase", "IPC.DataBase\ICOPC.DataBase.csproj", "{A1578103-F4BB-4409-8D2C-8151FFE45424}"
EndProject
Project("{2150E333-8FDC-42A3-9474-1A3956D46DE8}") = "USDT", "USDT", "{97E5025E-3657-4751-A41A-5F11C3992EF4}"
EndProject
Project("{2150E333-8FDC-42A3-9474-1A3956D46DE8}") = "TRC20", "TRC20", "{041172EB-DD1E-404E-9550-806E0602A4FD}"
EndProject
Project("{2150E333-8FDC-42A3-9474-1A3956D46DE8}") = "Erc20", "Erc20", "{0E7B7A89-16BF-497C-B8DA-1209F3BD5751}"
EndProject
Project("{9A19103F-16F7-4668-BE54-9A1E7A4F7556}") = "TronDotNet", "USDT\TRC20\TronDotNet\TronDotNet.csproj", "{02990E46-8BA3-439B-A4C1-09D398694648}"
EndProject
Project("{9A19103F-16F7-4668-BE54-9A1E7A4F7556}") = "TronDotNet.ABI", "USDT\TRC20\TronDotNet.ABI\TronDotNet.ABI.csproj", "{F8F4AD35-239D-4066-887F-62444250EE09}"
EndProject
Project("{9A19103F-16F7-4668-BE54-9A1E7A4F7556}") = "TronDotNet.Crypto", "USDT\TRC20\TronDotNet.Crypto\TronDotNet.Crypto.csproj", "{42AFAC85-3580-4785-9F7B-77CFF6DD6FE6}"
EndProject
Project("{9A19103F-16F7-4668-BE54-9A1E7A4F7556}") = "TronDotNet.Protocol", "USDT\TRC20\TronDotNet.Protocol\TronDotNet.Protocol.csproj", "{707E9CFF-32C8-4727-A5D3-6E64943D2F6F}"
EndProject
Global
	GlobalSection(SolutionConfigurationPlatforms) = preSolution
		Debug|Any CPU = Debug|Any CPU
		Release|Any CPU = Release|Any CPU
	EndGlobalSection
	GlobalSection(ProjectConfigurationPlatforms) = postSolution
		{23EC68FA-753A-41EF-B620-65DED6CE081F}.Debug|Any CPU.ActiveCfg = Debug|Any CPU
		{23EC68FA-753A-41EF-B620-65DED6CE081F}.Debug|Any CPU.Build.0 = Debug|Any CPU
		{23EC68FA-753A-41EF-B620-65DED6CE081F}.Release|Any CPU.ActiveCfg = Release|Any CPU
		{23EC68FA-753A-41EF-B620-65DED6CE081F}.Release|Any CPU.Build.0 = Release|Any CPU
		{20C42EEE-947A-4567-809F-C960B42D342E}.Debug|Any CPU.ActiveCfg = Debug|Any CPU
		{20C42EEE-947A-4567-809F-C960B42D342E}.Debug|Any CPU.Build.0 = Debug|Any CPU
		{20C42EEE-947A-4567-809F-C960B42D342E}.Release|Any CPU.ActiveCfg = Release|Any CPU
		{20C42EEE-947A-4567-809F-C960B42D342E}.Release|Any CPU.Build.0 = Release|Any CPU
		{A1578103-F4BB-4409-8D2C-8151FFE45424}.Debug|Any CPU.ActiveCfg = Debug|Any CPU
		{A1578103-F4BB-4409-8D2C-8151FFE45424}.Debug|Any CPU.Build.0 = Debug|Any CPU
		{A1578103-F4BB-4409-8D2C-8151FFE45424}.Release|Any CPU.ActiveCfg = Release|Any CPU
		{A1578103-F4BB-4409-8D2C-8151FFE45424}.Release|Any CPU.Build.0 = Release|Any CPU
		{02990E46-8BA3-439B-A4C1-09D398694648}.Debug|Any CPU.ActiveCfg = Debug|Any CPU
		{02990E46-8BA3-439B-A4C1-09D398694648}.Debug|Any CPU.Build.0 = Debug|Any CPU
		{02990E46-8BA3-439B-A4C1-09D398694648}.Release|Any CPU.ActiveCfg = Release|Any CPU
		{02990E46-8BA3-439B-A4C1-09D398694648}.Release|Any CPU.Build.0 = Release|Any CPU
		{F8F4AD35-239D-4066-887F-62444250EE09}.Debug|Any CPU.ActiveCfg = Debug|Any CPU
		{F8F4AD35-239D-4066-887F-62444250EE09}.Debug|Any CPU.Build.0 = Debug|Any CPU
		{F8F4AD35-239D-4066-887F-62444250EE09}.Release|Any CPU.ActiveCfg = Release|Any CPU
		{F8F4AD35-239D-4066-887F-62444250EE09}.Release|Any CPU.Build.0 = Release|Any CPU
		{42AFAC85-3580-4785-9F7B-77CFF6DD6FE6}.Debug|Any CPU.ActiveCfg = Debug|Any CPU
		{42AFAC85-3580-4785-9F7B-77CFF6DD6FE6}.Debug|Any CPU.Build.0 = Debug|Any CPU
		{42AFAC85-3580-4785-9F7B-77CFF6DD6FE6}.Release|Any CPU.ActiveCfg = Release|Any CPU
		{42AFAC85-3580-4785-9F7B-77CFF6DD6FE6}.Release|Any CPU.Build.0 = Release|Any CPU
		{707E9CFF-32C8-4727-A5D3-6E64943D2F6F}.Debug|Any CPU.ActiveCfg = Debug|Any CPU
		{707E9CFF-32C8-4727-A5D3-6E64943D2F6F}.Debug|Any CPU.Build.0 = Debug|Any CPU
		{707E9CFF-32C8-4727-A5D3-6E64943D2F6F}.Release|Any CPU.ActiveCfg = Release|Any CPU
		{707E9CFF-32C8-4727-A5D3-6E64943D2F6F}.Release|Any CPU.Build.0 = Release|Any CPU
	EndGlobalSection
	GlobalSection(SolutionProperties) = preSolution
		HideSolutionNode = FALSE
	EndGlobalSection
	GlobalSection(NestedProjects) = preSolution
		{041172EB-DD1E-404E-9550-806E0602A4FD} = {97E5025E-3657-4751-A41A-5F11C3992EF4}
		{0E7B7A89-16BF-497C-B8DA-1209F3BD5751} = {97E5025E-3657-4751-A41A-5F11C3992EF4}
		{02990E46-8BA3-439B-A4C1-09D398694648} = {041172EB-DD1E-404E-9550-806E0602A4FD}
		{F8F4AD35-239D-4066-887F-62444250EE09} = {041172EB-DD1E-404E-9550-806E0602A4FD}
		{42AFAC85-3580-4785-9F7B-77CFF6DD6FE6} = {041172EB-DD1E-404E-9550-806E0602A4FD}
		{707E9CFF-32C8-4727-A5D3-6E64943D2F6F} = {041172EB-DD1E-404E-9550-806E0602A4FD}
	EndGlobalSection
	GlobalSection(ExtensibilityGlobals) = postSolution
		SolutionGuid = {D5FEF99D-1DE8-4F05-9DAF-3E41320EB3FF}
	EndGlobalSection
EndGlobal
